// !$*UTF8*$!
{
	archiveVersion = 1;
	classes = {
	};
	objectVersion = 52;
	objects = {

/* Begin PBXBuildFile section */
		0B6E77772A798E671B20EF1D /* Pods_TicTacTests.framework in Frameworks */ = {isa = PBXBuildFile; fileRef = 3983D261FD623521EF670D68 /* Pods_TicTacTests.framework */; };
		C300803128A4451300106BAB /* NotificationsViewController.swift in Sources */ = {isa = PBXBuildFile; fileRef = C300803028A4451300106BAB /* NotificationsViewController.swift */; };
		C300803528A445AC00106BAB /* NotifDataSource.swift in Sources */ = {isa = PBXBuildFile; fileRef = C300803428A445AC00106BAB /* NotifDataSource.swift */; };
		C300803928A4471B00106BAB /* ConfigurableCell.swift in Sources */ = {isa = PBXBuildFile; fileRef = C300803828A4471B00106BAB /* ConfigurableCell.swift */; };
		C304156928666B8B00BC858C /* BaseCell.swift in Sources */ = {isa = PBXBuildFile; fileRef = C304156828666B8B00BC858C /* BaseCell.swift */; };
		C304156D28666D9900BC858C /* UserEmojiView.swift in Sources */ = {isa = PBXBuildFile; fileRef = C304156C28666D9900BC858C /* UserEmojiView.swift */; };
		C30415712866838600BC858C /* Strings.swift in Sources */ = {isa = PBXBuildFile; fileRef = C30415702866838600BC858C /* Strings.swift */; };
		C30417EE286683BE00BC858C /* DateFormatter+Formats.swift in Sources */ = {isa = PBXBuildFile; fileRef = C30417ED286683BE00BC858C /* DateFormatter+Formats.swift */; };
		C34063FE285807BD007B46D3 /* AppDelegate.swift in Sources */ = {isa = PBXBuildFile; fileRef = C34063FD285807BD007B46D3 /* AppDelegate.swift */; };
		C3406400285807BD007B46D3 /* Assets.xcassets in Resources */ = {isa = PBXBuildFile; fileRef = C34063FF285807BD007B46D3 /* Assets.xcassets */; };
		C3406403285807BD007B46D3 /* LaunchScreen.storyboard in Resources */ = {isa = PBXBuildFile; fileRef = C3406401285807BD007B46D3 /* LaunchScreen.storyboard */; };
		C3406412285808C2007B46D3 /* HerdViewController.swift in Sources */ = {isa = PBXBuildFile; fileRef = C3406411285808C2007B46D3 /* HerdViewController.swift */; };
		C3406416285808CF007B46D3 /* CommentsViewController.swift in Sources */ = {isa = PBXBuildFile; fileRef = C3406415285808CF007B46D3 /* CommentsViewController.swift */; };
		C340642028580B69007B46D3 /* FilteringTableViewController.swift in Sources */ = {isa = PBXBuildFile; fileRef = C340641E28580B69007B46D3 /* FilteringTableViewController.swift */; };
		C340642128580B69007B46D3 /* TTTableViewController.swift in Sources */ = {isa = PBXBuildFile; fileRef = C340641F28580B69007B46D3 /* TTTableViewController.swift */; };
		C340642528580F5F007B46D3 /* CarouselCell.swift in Sources */ = {isa = PBXBuildFile; fileRef = C340642328580F5F007B46D3 /* CarouselCell.swift */; };
		C340642628580F5F007B46D3 /* ScopeCarousel.swift in Sources */ = {isa = PBXBuildFile; fileRef = C340642428580F5F007B46D3 /* ScopeCarousel.swift */; };
		C340642A28580FF9007B46D3 /* SingleRowSection.swift in Sources */ = {isa = PBXBuildFile; fileRef = C340642828580FF9007B46D3 /* SingleRowSection.swift */; };
		C340642B28580FF9007B46D3 /* TableViewSection.swift in Sources */ = {isa = PBXBuildFile; fileRef = C340642928580FF9007B46D3 /* TableViewSection.swift */; };
		C340642F285863C0007B46D3 /* UIKit+Extensions.swift in Sources */ = {isa = PBXBuildFile; fileRef = C340642E285863C0007B46D3 /* UIKit+Extensions.swift */; };
		C340643328587814007B46D3 /* Foundation+Extensions.swift in Sources */ = {isa = PBXBuildFile; fileRef = C340643228587814007B46D3 /* Foundation+Extensions.swift */; };
		C340644B2863973B007B46D3 /* VoteControl.m in Sources */ = {isa = PBXBuildFile; fileRef = C340644A2863973B007B46D3 /* VoteControl.m */; };
		C347664528AE053300235EC5 /* MyDataViewController.swift in Sources */ = {isa = PBXBuildFile; fileRef = C347664428AE053300235EC5 /* MyDataViewController.swift */; };
		C347664A28B4B4E700235EC5 /* UserTags.swift in Sources */ = {isa = PBXBuildFile; fileRef = C347664928B4B4E700235EC5 /* UserTags.swift */; };
		C351060828BDE305007B0F22 /* SpinnerFooterView.swift in Sources */ = {isa = PBXBuildFile; fileRef = C351060728BDE305007B0F22 /* SpinnerFooterView.swift */; };
		C365C51728A61E3E001E329A /* ProfilesViewController.swift in Sources */ = {isa = PBXBuildFile; fileRef = C365C51628A61E3E001E329A /* ProfilesViewController.swift */; };
		C365C52428A6F253001E329A /* UserAccountStore.swift in Sources */ = {isa = PBXBuildFile; fileRef = C365C52328A6F253001E329A /* UserAccountStore.swift */; };
		C384AC6328BDA98B00401E0F /* PreviewData.swift in Sources */ = {isa = PBXBuildFile; fileRef = C384AC6228BDA98B00401E0F /* PreviewData.swift */; };
		C3A75B2428AA0562007CD052 /* MapViewController.swift in Sources */ = {isa = PBXBuildFile; fileRef = C3A75B2328AA0562007CD052 /* MapViewController.swift */; };
		C3A7DF8228639E4800CB529F /* FeedDataSource.swift in Sources */ = {isa = PBXBuildFile; fileRef = C3A7DF8128639E4800CB529F /* FeedDataSource.swift */; };
		C3A7DF852864B6E900CB529F /* CommentsDataSource.swift in Sources */ = {isa = PBXBuildFile; fileRef = C3A7DF842864B6E900CB529F /* CommentsDataSource.swift */; };
		C3A7DF892864B91A00CB529F /* TBAlertController in Frameworks */ = {isa = PBXBuildFile; productRef = C3A7DF882864B91A00CB529F /* TBAlertController */; };
		C3A7DFA72864F00F00CB529F /* SnapKit in Frameworks */ = {isa = PBXBuildFile; productRef = C3A7DFA62864F00F00CB529F /* SnapKit */; };
		C3A7DFAB2864F06F00CB529F /* YakKit+Swift.swift in Sources */ = {isa = PBXBuildFile; fileRef = C3A7DFAA2864F06F00CB529F /* YakKit+Swift.swift */; };
		C3A7DFAE2864F1DE00CB529F /* TabBarController.swift in Sources */ = {isa = PBXBuildFile; fileRef = C3A7DFAD2864F1DE00CB529F /* TabBarController.swift */; };
		C3A7DFB22864F49500CB529F /* YYClient+AuthManagement.swift in Sources */ = {isa = PBXBuildFile; fileRef = C3A7DFB12864F49500CB529F /* YYClient+AuthManagement.swift */; };
		C3A7DFB52864F75900CB529F /* Promise.swift in Sources */ = {isa = PBXBuildFile; fileRef = C3A7DFB42864F75900CB529F /* Promise.swift */; };
		C3A7DFBC2864FF7900CB529F /* LocationManager.swift in Sources */ = {isa = PBXBuildFile; fileRef = C3A7DFBB2864FF7900CB529F /* LocationManager.swift */; };
		C3C0218E28C180AA00B4EA03 /* Context.swift in Sources */ = {isa = PBXBuildFile; fileRef = C3C0218D28C180AA00B4EA03 /* Context.swift */; };
		C3CD695B28AD6BF20080EDCA /* ComposeViewController.swift in Sources */ = {isa = PBXBuildFile; fileRef = C3CD695A28AD6BF20080EDCA /* ComposeViewController.swift */; };
		C3CD696128AD94090080EDCA /* Previews.swift in Sources */ = {isa = PBXBuildFile; fileRef = C3CD696028AD94090080EDCA /* Previews.swift */; };
		C3CDAD0B28C41CA000A93BD6 /* GRDB in Frameworks */ = {isa = PBXBuildFile; productRef = C3CDAD0A28C41CA000A93BD6 /* GRDB */; };
		C3CDAD0F28C41CD300A93BD6 /* Container.swift in Sources */ = {isa = PBXBuildFile; fileRef = C3CDAD0E28C41CD300A93BD6 /* Container.swift */; };
		C3CDAD1528C41D5600A93BD6 /* Decorators.swift in Sources */ = {isa = PBXBuildFile; fileRef = C3CDAD1228C41D5600A93BD6 /* Decorators.swift */; };
		C3CDAD1628C41D5600A93BD6 /* Entity.swift in Sources */ = {isa = PBXBuildFile; fileRef = C3CDAD1328C41D5600A93BD6 /* Entity.swift */; };
		C3CDAD1728C41D5600A93BD6 /* Schemas.swift in Sources */ = {isa = PBXBuildFile; fileRef = C3CDAD1428C41D5600A93BD6 /* Schemas.swift */; };
		C3CDAD1D28C4220D00A93BD6 /* YakKit+GRDB.swift in Sources */ = {isa = PBXBuildFile; fileRef = C3CDAD1C28C4220D00A93BD6 /* YakKit+GRDB.swift */; };
		C3CDAD2128C4233A00A93BD6 /* Decoder+Extensions.swift in Sources */ = {isa = PBXBuildFile; fileRef = C3CDAD2028C4233A00A93BD6 /* Decoder+Extensions.swift */; };
		C3CDAD2728C4291000A93BD6 /* Container+Boilerplate.swift in Sources */ = {isa = PBXBuildFile; fileRef = C3CDAD2628C4291000A93BD6 /* Container+Boilerplate.swift */; };
		C3CDAD2D28C4325F00A93BD6 /* UserTagController.swift in Sources */ = {isa = PBXBuildFile; fileRef = C3CDAD2C28C4325F00A93BD6 /* UserTagController.swift */; };
		C3CDAD3228C7E43F00A93BD6 /* Echo in Frameworks */ = {isa = PBXBuildFile; productRef = C3CDAD3128C7E43F00A93BD6 /* Echo */; };
		C3D6060C28C7F4780076DCF9 /* FLEX-Plugins.m in Sources */ = {isa = PBXBuildFile; fileRef = C3D6060B28C7F4780076DCF9 /* FLEX-Plugins.m */; };
		C3D6570628BF3180006B9530 /* NSNull+nil.m in Sources */ = {isa = PBXBuildFile; fileRef = C3D6570528BF3180006B9530 /* NSNull+nil.m */; };
		C3E050C0286664BE00DC26F0 /* LoginController.swift in Sources */ = {isa = PBXBuildFile; fileRef = C3E050BF286664BE00DC26F0 /* LoginController.swift */; };
		C3F43C8B286A9A3B001F6D64 /* Hooks.m in Sources */ = {isa = PBXBuildFile; fileRef = C3F43C8A286A9A3B001F6D64 /* Hooks.m */; };
		C3F6EAEB28681D800066B9FD /* Reflex in Frameworks */ = {isa = PBXBuildFile; productRef = C3F6EAEA28681D800066B9FD /* Reflex */; };
		C3F6EAF4286951240066B9FD /* TicTacTests.swift in Sources */ = {isa = PBXBuildFile; fileRef = C3F6EAF3286951240066B9FD /* TicTacTests.swift */; };
		C3F6EB19286967CA0066B9FD /* CommentsHeaderView.swift in Sources */ = {isa = PBXBuildFile; fileRef = C3F6EB18286967CA0066B9FD /* CommentsHeaderView.swift */; };
		C3F6EB1D286967FC0066B9FD /* AutoLayout.swift in Sources */ = {isa = PBXBuildFile; fileRef = C3F6EB1C286967FB0066B9FD /* AutoLayout.swift */; };
		C3F6EB232869840D0066B9FD /* YakCell.swift in Sources */ = {isa = PBXBuildFile; fileRef = C3F6EB222869840C0066B9FD /* YakCell.swift */; };
		C3F6EB27286984240066B9FD /* CommentCell.swift in Sources */ = {isa = PBXBuildFile; fileRef = C3F6EB26286984240066B9FD /* CommentCell.swift */; };
		C3F6EB2B286984300066B9FD /* NotificationCell.swift in Sources */ = {isa = PBXBuildFile; fileRef = C3F6EB2A286984300066B9FD /* NotificationCell.swift */; };
		C3F6EB3C28699CB20066B9FD /* VotableDataSource.swift in Sources */ = {isa = PBXBuildFile; fileRef = C3F6EB3B28699CB20066B9FD /* VotableDataSource.swift */; };
		C3F6EB43286A69FF0066B9FD /* GoogleService-Info.plist in Resources */ = {isa = PBXBuildFile; fileRef = C3F6EB41286A69FF0066B9FD /* GoogleService-Info.plist */; };
		E124ABCFE9B0EFF5F4270480 /* Pods_Tic_Tac.framework in Frameworks */ = {isa = PBXBuildFile; fileRef = B0E8DF5079542ADA4647FB3F /* Pods_Tic_Tac.framework */; };
/* End PBXBuildFile section */

/* Begin PBXContainerItemProxy section */
		C3F6EAF6286951240066B9FD /* PBXContainerItemProxy */ = {
			isa = PBXContainerItemProxy;
			containerPortal = C34063F2285807BD007B46D3 /* Project object */;
			proxyType = 1;
			remoteGlobalIDString = C34063F9285807BD007B46D3;
			remoteInfo = "Tic Tac";
		};
/* End PBXContainerItemProxy section */

/* Begin PBXFileReference section */
		3983D261FD623521EF670D68 /* Pods_TicTacTests.framework */ = {isa = PBXFileReference; explicitFileType = wrapper.framework; includeInIndex = 0; path = Pods_TicTacTests.framework; sourceTree = BUILT_PRODUCTS_DIR; };
		924D18F1AD2F6A1623979697 /* Pods-Tic Tac.release.xcconfig */ = {isa = PBXFileReference; includeInIndex = 1; lastKnownFileType = text.xcconfig; name = "Pods-Tic Tac.release.xcconfig"; path = "Target Support Files/Pods-Tic Tac/Pods-Tic Tac.release.xcconfig"; sourceTree = "<group>"; };
		9E7E4A9713E499577AA2C515 /* Pods-TicTacTests.release.xcconfig */ = {isa = PBXFileReference; includeInIndex = 1; lastKnownFileType = text.xcconfig; name = "Pods-TicTacTests.release.xcconfig"; path = "Target Support Files/Pods-TicTacTests/Pods-TicTacTests.release.xcconfig"; sourceTree = "<group>"; };
		B0E8DF5079542ADA4647FB3F /* Pods_Tic_Tac.framework */ = {isa = PBXFileReference; explicitFileType = wrapper.framework; includeInIndex = 0; path = Pods_Tic_Tac.framework; sourceTree = BUILT_PRODUCTS_DIR; };
		C300803028A4451300106BAB /* NotificationsViewController.swift */ = {isa = PBXFileReference; lastKnownFileType = sourcecode.swift; path = NotificationsViewController.swift; sourceTree = "<group>"; };
		C300803428A445AC00106BAB /* NotifDataSource.swift */ = {isa = PBXFileReference; lastKnownFileType = sourcecode.swift; path = NotifDataSource.swift; sourceTree = "<group>"; };
		C300803828A4471B00106BAB /* ConfigurableCell.swift */ = {isa = PBXFileReference; lastKnownFileType = sourcecode.swift; path = ConfigurableCell.swift; sourceTree = "<group>"; };
		C304156828666B8B00BC858C /* BaseCell.swift */ = {isa = PBXFileReference; fileEncoding = 4; lastKnownFileType = sourcecode.swift; path = BaseCell.swift; sourceTree = "<group>"; };
		C304156C28666D9900BC858C /* UserEmojiView.swift */ = {isa = PBXFileReference; lastKnownFileType = sourcecode.swift; path = UserEmojiView.swift; sourceTree = "<group>"; };
		C30415702866838600BC858C /* Strings.swift */ = {isa = PBXFileReference; fileEncoding = 4; lastKnownFileType = sourcecode.swift; path = Strings.swift; sourceTree = "<group>"; };
		C30417ED286683BE00BC858C /* DateFormatter+Formats.swift */ = {isa = PBXFileReference; fileEncoding = 4; lastKnownFileType = sourcecode.swift; path = "DateFormatter+Formats.swift"; sourceTree = "<group>"; };
		C34063FA285807BD007B46D3 /* Tic Tac.app */ = {isa = PBXFileReference; explicitFileType = wrapper.application; includeInIndex = 0; path = "Tic Tac.app"; sourceTree = BUILT_PRODUCTS_DIR; };
		C34063FD285807BD007B46D3 /* AppDelegate.swift */ = {isa = PBXFileReference; lastKnownFileType = sourcecode.swift; path = AppDelegate.swift; sourceTree = "<group>"; };
		C34063FF285807BD007B46D3 /* Assets.xcassets */ = {isa = PBXFileReference; lastKnownFileType = folder.assetcatalog; path = Assets.xcassets; sourceTree = "<group>"; };
		C3406402285807BD007B46D3 /* Base */ = {isa = PBXFileReference; lastKnownFileType = file.storyboard; name = Base; path = Base.lproj/LaunchScreen.storyboard; sourceTree = "<group>"; };
		C3406404285807BD007B46D3 /* Info.plist */ = {isa = PBXFileReference; lastKnownFileType = text.plist.xml; path = Info.plist; sourceTree = "<group>"; };
		C3406411285808C2007B46D3 /* HerdViewController.swift */ = {isa = PBXFileReference; lastKnownFileType = sourcecode.swift; path = HerdViewController.swift; sourceTree = "<group>"; };
		C3406415285808CF007B46D3 /* CommentsViewController.swift */ = {isa = PBXFileReference; lastKnownFileType = sourcecode.swift; path = CommentsViewController.swift; sourceTree = "<group>"; };
		C340641E28580B69007B46D3 /* FilteringTableViewController.swift */ = {isa = PBXFileReference; fileEncoding = 4; lastKnownFileType = sourcecode.swift; path = FilteringTableViewController.swift; sourceTree = "<group>"; };
		C340641F28580B69007B46D3 /* TTTableViewController.swift */ = {isa = PBXFileReference; fileEncoding = 4; lastKnownFileType = sourcecode.swift; path = TTTableViewController.swift; sourceTree = "<group>"; };
		C340642328580F5F007B46D3 /* CarouselCell.swift */ = {isa = PBXFileReference; fileEncoding = 4; lastKnownFileType = sourcecode.swift; path = CarouselCell.swift; sourceTree = "<group>"; };
		C340642428580F5F007B46D3 /* ScopeCarousel.swift */ = {isa = PBXFileReference; fileEncoding = 4; lastKnownFileType = sourcecode.swift; path = ScopeCarousel.swift; sourceTree = "<group>"; };
		C340642828580FF9007B46D3 /* SingleRowSection.swift */ = {isa = PBXFileReference; fileEncoding = 4; lastKnownFileType = sourcecode.swift; path = SingleRowSection.swift; sourceTree = "<group>"; };
		C340642928580FF9007B46D3 /* TableViewSection.swift */ = {isa = PBXFileReference; fileEncoding = 4; lastKnownFileType = sourcecode.swift; path = TableViewSection.swift; sourceTree = "<group>"; };
		C340642E285863C0007B46D3 /* UIKit+Extensions.swift */ = {isa = PBXFileReference; lastKnownFileType = sourcecode.swift; path = "UIKit+Extensions.swift"; sourceTree = "<group>"; };
		C340643228587814007B46D3 /* Foundation+Extensions.swift */ = {isa = PBXFileReference; lastKnownFileType = sourcecode.swift; path = "Foundation+Extensions.swift"; sourceTree = "<group>"; };
		C34064482863973A007B46D3 /* Bridging-Header.h */ = {isa = PBXFileReference; lastKnownFileType = sourcecode.c.h; path = "Bridging-Header.h"; sourceTree = "<group>"; };
		C34064492863973B007B46D3 /* VoteControl.h */ = {isa = PBXFileReference; fileEncoding = 4; lastKnownFileType = sourcecode.c.h; path = VoteControl.h; sourceTree = "<group>"; };
		C340644A2863973B007B46D3 /* VoteControl.m */ = {isa = PBXFileReference; fileEncoding = 4; lastKnownFileType = sourcecode.c.objc; path = VoteControl.m; sourceTree = "<group>"; };
		C347664428AE053300235EC5 /* MyDataViewController.swift */ = {isa = PBXFileReference; lastKnownFileType = sourcecode.swift; path = MyDataViewController.swift; sourceTree = "<group>"; };
		C347664928B4B4E700235EC5 /* UserTags.swift */ = {isa = PBXFileReference; lastKnownFileType = sourcecode.swift; path = UserTags.swift; sourceTree = "<group>"; };
		C351060728BDE305007B0F22 /* SpinnerFooterView.swift */ = {isa = PBXFileReference; lastKnownFileType = sourcecode.swift; path = SpinnerFooterView.swift; sourceTree = "<group>"; };
		C365C51628A61E3E001E329A /* ProfilesViewController.swift */ = {isa = PBXFileReference; lastKnownFileType = sourcecode.swift; path = ProfilesViewController.swift; sourceTree = "<group>"; };
		C365C51A28A62438001E329A /* FIRAuthStoredUserManager.h */ = {isa = PBXFileReference; fileEncoding = 4; lastKnownFileType = sourcecode.c.h; path = FIRAuthStoredUserManager.h; sourceTree = "<group>"; };
		C365C51D28A628CA001E329A /* Firebase-Private.h */ = {isa = PBXFileReference; lastKnownFileType = sourcecode.c.h; path = "Firebase-Private.h"; sourceTree = "<group>"; };
		C365C52028A6E646001E329A /* FIRAuthKeychainServices.h */ = {isa = PBXFileReference; lastKnownFileType = sourcecode.c.h; path = FIRAuthKeychainServices.h; sourceTree = "<group>"; };
		C365C52328A6F253001E329A /* UserAccountStore.swift */ = {isa = PBXFileReference; lastKnownFileType = sourcecode.swift; path = UserAccountStore.swift; sourceTree = "<group>"; };
		C384AC6228BDA98B00401E0F /* PreviewData.swift */ = {isa = PBXFileReference; lastKnownFileType = sourcecode.swift; path = PreviewData.swift; sourceTree = "<group>"; };
		C3A75B2328AA0562007CD052 /* MapViewController.swift */ = {isa = PBXFileReference; lastKnownFileType = sourcecode.swift; path = MapViewController.swift; sourceTree = "<group>"; };
		C3A7DF8128639E4800CB529F /* FeedDataSource.swift */ = {isa = PBXFileReference; lastKnownFileType = sourcecode.swift; path = FeedDataSource.swift; sourceTree = "<group>"; };
		C3A7DF842864B6E900CB529F /* CommentsDataSource.swift */ = {isa = PBXFileReference; lastKnownFileType = sourcecode.swift; path = CommentsDataSource.swift; sourceTree = "<group>"; };
		C3A7DFAA2864F06F00CB529F /* YakKit+Swift.swift */ = {isa = PBXFileReference; fileEncoding = 4; lastKnownFileType = sourcecode.swift; path = "YakKit+Swift.swift"; sourceTree = "<group>"; };
		C3A7DFAD2864F1DE00CB529F /* TabBarController.swift */ = {isa = PBXFileReference; lastKnownFileType = sourcecode.swift; path = TabBarController.swift; sourceTree = "<group>"; };
		C3A7DFB12864F49500CB529F /* YYClient+AuthManagement.swift */ = {isa = PBXFileReference; lastKnownFileType = sourcecode.swift; path = "YYClient+AuthManagement.swift"; sourceTree = "<group>"; };
		C3A7DFB42864F75900CB529F /* Promise.swift */ = {isa = PBXFileReference; lastKnownFileType = sourcecode.swift; path = Promise.swift; sourceTree = "<group>"; };
		C3A7DFBB2864FF7900CB529F /* LocationManager.swift */ = {isa = PBXFileReference; lastKnownFileType = sourcecode.swift; path = LocationManager.swift; sourceTree = "<group>"; };
		C3C0218D28C180AA00B4EA03 /* Context.swift */ = {isa = PBXFileReference; lastKnownFileType = sourcecode.swift; path = Context.swift; sourceTree = "<group>"; };
		C3CD695A28AD6BF20080EDCA /* ComposeViewController.swift */ = {isa = PBXFileReference; lastKnownFileType = sourcecode.swift; path = ComposeViewController.swift; sourceTree = "<group>"; };
		C3CD696028AD94090080EDCA /* Previews.swift */ = {isa = PBXFileReference; lastKnownFileType = sourcecode.swift; path = Previews.swift; sourceTree = "<group>"; };
		C3CDAD0E28C41CD300A93BD6 /* Container.swift */ = {isa = PBXFileReference; fileEncoding = 4; lastKnownFileType = sourcecode.swift; path = Container.swift; sourceTree = "<group>"; };
		C3CDAD1228C41D5600A93BD6 /* Decorators.swift */ = {isa = PBXFileReference; fileEncoding = 4; lastKnownFileType = sourcecode.swift; path = Decorators.swift; sourceTree = "<group>"; };
		C3CDAD1328C41D5600A93BD6 /* Entity.swift */ = {isa = PBXFileReference; fileEncoding = 4; lastKnownFileType = sourcecode.swift; path = Entity.swift; sourceTree = "<group>"; };
		C3CDAD1428C41D5600A93BD6 /* Schemas.swift */ = {isa = PBXFileReference; fileEncoding = 4; lastKnownFileType = sourcecode.swift; path = Schemas.swift; sourceTree = "<group>"; };
		C3CDAD1C28C4220D00A93BD6 /* YakKit+GRDB.swift */ = {isa = PBXFileReference; lastKnownFileType = sourcecode.swift; path = "YakKit+GRDB.swift"; sourceTree = "<group>"; };
		C3CDAD2028C4233A00A93BD6 /* Decoder+Extensions.swift */ = {isa = PBXFileReference; fileEncoding = 4; lastKnownFileType = sourcecode.swift; path = "Decoder+Extensions.swift"; sourceTree = "<group>"; };
		C3CDAD2628C4291000A93BD6 /* Container+Boilerplate.swift */ = {isa = PBXFileReference; fileEncoding = 4; lastKnownFileType = sourcecode.swift; path = "Container+Boilerplate.swift"; sourceTree = "<group>"; };
		C3CDAD2C28C4325F00A93BD6 /* UserTagController.swift */ = {isa = PBXFileReference; lastKnownFileType = sourcecode.swift; path = UserTagController.swift; sourceTree = "<group>"; };
		C3D6060B28C7F4780076DCF9 /* FLEX-Plugins.m */ = {isa = PBXFileReference; lastKnownFileType = sourcecode.c.objc; path = "FLEX-Plugins.m"; sourceTree = "<group>"; };
		C3D6570528BF3180006B9530 /* NSNull+nil.m */ = {isa = PBXFileReference; fileEncoding = 4; lastKnownFileType = sourcecode.c.objc; path = "NSNull+nil.m"; sourceTree = "<group>"; };
		C3E050BF286664BE00DC26F0 /* LoginController.swift */ = {isa = PBXFileReference; lastKnownFileType = sourcecode.swift; path = LoginController.swift; sourceTree = "<group>"; };
		C3F43C8A286A9A3B001F6D64 /* Hooks.m */ = {isa = PBXFileReference; lastKnownFileType = sourcecode.c.objc; path = Hooks.m; sourceTree = "<group>"; };
		C3F6EAF1286951240066B9FD /* TicTacTests.xctest */ = {isa = PBXFileReference; explicitFileType = wrapper.cfbundle; includeInIndex = 0; path = TicTacTests.xctest; sourceTree = BUILT_PRODUCTS_DIR; };
		C3F6EAF3286951240066B9FD /* TicTacTests.swift */ = {isa = PBXFileReference; lastKnownFileType = sourcecode.swift; path = TicTacTests.swift; sourceTree = "<group>"; };
		C3F6EAF5286951240066B9FD /* Info.plist */ = {isa = PBXFileReference; lastKnownFileType = text.plist.xml; path = Info.plist; sourceTree = "<group>"; };
		C3F6EB18286967CA0066B9FD /* CommentsHeaderView.swift */ = {isa = PBXFileReference; lastKnownFileType = sourcecode.swift; path = CommentsHeaderView.swift; sourceTree = "<group>"; };
		C3F6EB1C286967FB0066B9FD /* AutoLayout.swift */ = {isa = PBXFileReference; lastKnownFileType = sourcecode.swift; path = AutoLayout.swift; sourceTree = "<group>"; };
		C3F6EB222869840C0066B9FD /* YakCell.swift */ = {isa = PBXFileReference; lastKnownFileType = sourcecode.swift; path = YakCell.swift; sourceTree = "<group>"; };
		C3F6EB26286984240066B9FD /* CommentCell.swift */ = {isa = PBXFileReference; lastKnownFileType = sourcecode.swift; path = CommentCell.swift; sourceTree = "<group>"; };
		C3F6EB2A286984300066B9FD /* NotificationCell.swift */ = {isa = PBXFileReference; lastKnownFileType = sourcecode.swift; path = NotificationCell.swift; sourceTree = "<group>"; };
		C3F6EB3B28699CB20066B9FD /* VotableDataSource.swift */ = {isa = PBXFileReference; lastKnownFileType = sourcecode.swift; path = VotableDataSource.swift; sourceTree = "<group>"; };
		C3F6EB41286A69FF0066B9FD /* GoogleService-Info.plist */ = {isa = PBXFileReference; lastKnownFileType = file.bplist; path = "GoogleService-Info.plist"; sourceTree = "<group>"; };
		C3F6EB42286A69FF0066B9FD /* Tic Tac.entitlements */ = {isa = PBXFileReference; fileEncoding = 4; lastKnownFileType = text.plist.entitlements; path = "Tic Tac.entitlements"; sourceTree = "<group>"; };
		C99871A136D245B02CF1ED02 /* Pods-Tic Tac.debug.xcconfig */ = {isa = PBXFileReference; includeInIndex = 1; lastKnownFileType = text.xcconfig; name = "Pods-Tic Tac.debug.xcconfig"; path = "Target Support Files/Pods-Tic Tac/Pods-Tic Tac.debug.xcconfig"; sourceTree = "<group>"; };
		DC3FDB2D71C2794E1C2FE0B2 /* Pods-TicTacTests.debug.xcconfig */ = {isa = PBXFileReference; includeInIndex = 1; lastKnownFileType = text.xcconfig; name = "Pods-TicTacTests.debug.xcconfig"; path = "Target Support Files/Pods-TicTacTests/Pods-TicTacTests.debug.xcconfig"; sourceTree = "<group>"; };
/* End PBXFileReference section */

/* Begin PBXFrameworksBuildPhase section */
		C34063F7285807BD007B46D3 /* Frameworks */ = {
			isa = PBXFrameworksBuildPhase;
			buildActionMask = 2147483647;
			files = (
				C3F6EAEB28681D800066B9FD /* Reflex in Frameworks */,
				C3CDAD0B28C41CA000A93BD6 /* GRDB in Frameworks */,
				C3A7DFA72864F00F00CB529F /* SnapKit in Frameworks */,
				C3A7DF892864B91A00CB529F /* TBAlertController in Frameworks */,
				E124ABCFE9B0EFF5F4270480 /* Pods_Tic_Tac.framework in Frameworks */,
				C3CDAD3228C7E43F00A93BD6 /* Echo in Frameworks */,
			);
			runOnlyForDeploymentPostprocessing = 0;
		};
		C3F6EAEE286951240066B9FD /* Frameworks */ = {
			isa = PBXFrameworksBuildPhase;
			buildActionMask = 2147483647;
			files = (
				0B6E77772A798E671B20EF1D /* Pods_TicTacTests.framework in Frameworks */,
			);
			runOnlyForDeploymentPostprocessing = 0;
		};
/* End PBXFrameworksBuildPhase section */

/* Begin PBXGroup section */
		64763D63E215EC7B42D46E4C /* Pods */ = {
			isa = PBXGroup;
			children = (
				C99871A136D245B02CF1ED02 /* Pods-Tic Tac.debug.xcconfig */,
				924D18F1AD2F6A1623979697 /* Pods-Tic Tac.release.xcconfig */,
				DC3FDB2D71C2794E1C2FE0B2 /* Pods-TicTacTests.debug.xcconfig */,
				9E7E4A9713E499577AA2C515 /* Pods-TicTacTests.release.xcconfig */,
			);
			path = Pods;
			sourceTree = "<group>";
		};
		6CCBCCC5946F28D1795D5E64 /* Frameworks */ = {
			isa = PBXGroup;
			children = (
				B0E8DF5079542ADA4647FB3F /* Pods_Tic_Tac.framework */,
				3983D261FD623521EF670D68 /* Pods_TicTacTests.framework */,
			);
			name = Frameworks;
			sourceTree = "<group>";
		};
		C34063F1285807BD007B46D3 = {
			isa = PBXGroup;
			children = (
				C34063FC285807BD007B46D3 /* Tic Tac */,
				C3F6EAF2286951240066B9FD /* TicTacTests */,
				C34063FB285807BD007B46D3 /* Products */,
				64763D63E215EC7B42D46E4C /* Pods */,
				6CCBCCC5946F28D1795D5E64 /* Frameworks */,
			);
			sourceTree = "<group>";
		};
		C34063FB285807BD007B46D3 /* Products */ = {
			isa = PBXGroup;
			children = (
				C34063FA285807BD007B46D3 /* Tic Tac.app */,
				C3F6EAF1286951240066B9FD /* TicTacTests.xctest */,
			);
			name = Products;
			sourceTree = "<group>";
		};
		C34063FC285807BD007B46D3 /* Tic Tac */ = {
			isa = PBXGroup;
			children = (
				C3CD696028AD94090080EDCA /* Previews.swift */,
				C384AC6228BDA98B00401E0F /* PreviewData.swift */,
				C34064102858085A007B46D3 /* Core */,
				C347664828B4B4CF00235EC5 /* Persistence */,
				C340640E28580845007B46D3 /* View Controllers */,
				C340641B285808ED007B46D3 /* ViewModels */,
				C340641C285808FF007B46D3 /* Views */,
				C340640F28580853007B46D3 /* Extensions */,
				C340640C28580834007B46D3 /* Supporting Files */,
			);
			path = "Tic Tac";
			sourceTree = "<group>";
		};
		C340640C28580834007B46D3 /* Supporting Files */ = {
			isa = PBXGroup;
			children = (
				C34063FF285807BD007B46D3 /* Assets.xcassets */,
				C34063FD285807BD007B46D3 /* AppDelegate.swift */,
				C3F43C8A286A9A3B001F6D64 /* Hooks.m */,
				C3D6060B28C7F4780076DCF9 /* FLEX-Plugins.m */,
				C3F6EB42286A69FF0066B9FD /* Tic Tac.entitlements */,
				C3F6EB41286A69FF0066B9FD /* GoogleService-Info.plist */,
				C34064482863973A007B46D3 /* Bridging-Header.h */,
				C365C51D28A628CA001E329A /* Firebase-Private.h */,
				C365C52028A6E646001E329A /* FIRAuthKeychainServices.h */,
				C365C51A28A62438001E329A /* FIRAuthStoredUserManager.h */,
				C3406401285807BD007B46D3 /* LaunchScreen.storyboard */,
				C3406404285807BD007B46D3 /* Info.plist */,
			);
			name = "Supporting Files";
			sourceTree = "<group>";
		};
		C340640E28580845007B46D3 /* View Controllers */ = {
			isa = PBXGroup;
			children = (
				C365C50128A5E3A3001E329A /* Abstract */,
				C3A7DFAD2864F1DE00CB529F /* TabBarController.swift */,
				C3406411285808C2007B46D3 /* HerdViewController.swift */,
				C3406415285808CF007B46D3 /* CommentsViewController.swift */,
				C300803028A4451300106BAB /* NotificationsViewController.swift */,
				C365C51628A61E3E001E329A /* ProfilesViewController.swift */,
				C3A75B2328AA0562007CD052 /* MapViewController.swift */,
				C3CD695A28AD6BF20080EDCA /* ComposeViewController.swift */,
				C347664428AE053300235EC5 /* MyDataViewController.swift */,
				C3CDAD2C28C4325F00A93BD6 /* UserTagController.swift */,
			);
			path = "View Controllers";
			sourceTree = "<group>";
		};
		C340640F28580853007B46D3 /* Extensions */ = {
			isa = PBXGroup;
			children = (
				C3D6570528BF3180006B9530 /* NSNull+nil.m */,
				C3A7DFAA2864F06F00CB529F /* YakKit+Swift.swift */,
				C340642E285863C0007B46D3 /* UIKit+Extensions.swift */,
				C340643228587814007B46D3 /* Foundation+Extensions.swift */,
				C30417ED286683BE00BC858C /* DateFormatter+Formats.swift */,
				C3CDAD2028C4233A00A93BD6 /* Decoder+Extensions.swift */,
			);
			path = Extensions;
			sourceTree = "<group>";
		};
		C34064102858085A007B46D3 /* Core */ = {
			isa = PBXGroup;
			children = (
				C3A7DFB12864F49500CB529F /* YYClient+AuthManagement.swift */,
				C3A7DFB42864F75900CB529F /* Promise.swift */,
				C30415702866838600BC858C /* Strings.swift */,
				C3A7DFBB2864FF7900CB529F /* LocationManager.swift */,
				C3E050BF286664BE00DC26F0 /* LoginController.swift */,
				C365C52328A6F253001E329A /* UserAccountStore.swift */,
			);
			path = Core;
			sourceTree = "<group>";
		};
		C340641B285808ED007B46D3 /* ViewModels */ = {
			isa = PBXGroup;
			children = (
				C3C0218D28C180AA00B4EA03 /* Context.swift */,
				C340642928580FF9007B46D3 /* TableViewSection.swift */,
				C340642828580FF9007B46D3 /* SingleRowSection.swift */,
				C3F6EB3B28699CB20066B9FD /* VotableDataSource.swift */,
				C3A7DF8128639E4800CB529F /* FeedDataSource.swift */,
				C3A7DF842864B6E900CB529F /* CommentsDataSource.swift */,
				C300803428A445AC00106BAB /* NotifDataSource.swift */,
			);
			path = ViewModels;
			sourceTree = "<group>";
		};
		C340641C285808FF007B46D3 /* Views */ = {
			isa = PBXGroup;
			children = (
				C3F6EB1C286967FB0066B9FD /* AutoLayout.swift */,
				C3F6EB18286967CA0066B9FD /* CommentsHeaderView.swift */,
				C304156C28666D9900BC858C /* UserEmojiView.swift */,
				C351060728BDE305007B0F22 /* SpinnerFooterView.swift */,
				C3F6EB2F286984920066B9FD /* Controls */,
				C3F6EB322869849B0066B9FD /* Table Cells */,
			);
			path = Views;
			sourceTree = "<group>";
		};
		C347664828B4B4CF00235EC5 /* Persistence */ = {
			isa = PBXGroup;
			children = (
				C3CDAD0E28C41CD300A93BD6 /* Container.swift */,
				C3CDAD1328C41D5600A93BD6 /* Entity.swift */,
				C3CDAD1228C41D5600A93BD6 /* Decorators.swift */,
				C3CDAD1428C41D5600A93BD6 /* Schemas.swift */,
				C347664928B4B4E700235EC5 /* UserTags.swift */,
				C3CDAD1C28C4220D00A93BD6 /* YakKit+GRDB.swift */,
				C3CDAD2628C4291000A93BD6 /* Container+Boilerplate.swift */,
			);
			path = Persistence;
			sourceTree = "<group>";
		};
		C365C50128A5E3A3001E329A /* Abstract */ = {
			isa = PBXGroup;
			children = (
				C340641F28580B69007B46D3 /* TTTableViewController.swift */,
				C340641E28580B69007B46D3 /* FilteringTableViewController.swift */,
			);
			path = Abstract;
			sourceTree = "<group>";
		};
		C3F6EAF2286951240066B9FD /* TicTacTests */ = {
			isa = PBXGroup;
			children = (
				C3F6EAF3286951240066B9FD /* TicTacTests.swift */,
				C3F6EAF5286951240066B9FD /* Info.plist */,
			);
			path = TicTacTests;
			sourceTree = "<group>";
		};
		C3F6EB2F286984920066B9FD /* Controls */ = {
			isa = PBXGroup;
			children = (
				C340642328580F5F007B46D3 /* CarouselCell.swift */,
				C340642428580F5F007B46D3 /* ScopeCarousel.swift */,
				C34064492863973B007B46D3 /* VoteControl.h */,
				C340644A2863973B007B46D3 /* VoteControl.m */,
			);
			path = Controls;
			sourceTree = "<group>";
		};
		C3F6EB322869849B0066B9FD /* Table Cells */ = {
			isa = PBXGroup;
			children = (
				C300803828A4471B00106BAB /* ConfigurableCell.swift */,
				C304156828666B8B00BC858C /* BaseCell.swift */,
				C3F6EB222869840C0066B9FD /* YakCell.swift */,
				C3F6EB26286984240066B9FD /* CommentCell.swift */,
				C3F6EB2A286984300066B9FD /* NotificationCell.swift */,
			);
			path = "Table Cells";
			sourceTree = "<group>";
		};
/* End PBXGroup section */

/* Begin PBXNativeTarget section */
		C34063F9285807BD007B46D3 /* Tic Tac */ = {
			isa = PBXNativeTarget;
			buildConfigurationList = C3406407285807BD007B46D3 /* Build configuration list for PBXNativeTarget "Tic Tac" */;
			buildPhases = (
				69CDDAFA471AECB5AC9C5FBA /* [CP] Check Pods Manifest.lock */,
				C34063F6285807BD007B46D3 /* Sources */,
				C34063F7285807BD007B46D3 /* Frameworks */,
				C34063F8285807BD007B46D3 /* Resources */,
				B66CCBC24E44F0E7D8D8981B /* [CP] Embed Pods Frameworks */,
			);
			buildRules = (
			);
			dependencies = (
			);
			name = "Tic Tac";
			packageProductDependencies = (
				C3A7DF882864B91A00CB529F /* TBAlertController */,
				C3A7DFA62864F00F00CB529F /* SnapKit */,
				C3F6EAEA28681D800066B9FD /* Reflex */,
				C3CDAD0A28C41CA000A93BD6 /* GRDB */,
				C3CDAD3128C7E43F00A93BD6 /* Echo */,
			);
			productName = "Tic Tac";
			productReference = C34063FA285807BD007B46D3 /* Tic Tac.app */;
			productType = "com.apple.product-type.application";
		};
		C3F6EAF0286951240066B9FD /* TicTacTests */ = {
			isa = PBXNativeTarget;
			buildConfigurationList = C3F6EAF8286951240066B9FD /* Build configuration list for PBXNativeTarget "TicTacTests" */;
			buildPhases = (
				21132A3B5AAC08E46B83766E /* [CP] Check Pods Manifest.lock */,
				C3F6EAED286951240066B9FD /* Sources */,
				C3F6EAEE286951240066B9FD /* Frameworks */,
				C3F6EAEF286951240066B9FD /* Resources */,
				535DAF5E167FDBE4F41B3361 /* [CP] Embed Pods Frameworks */,
			);
			buildRules = (
			);
			dependencies = (
				C3F6EAF7286951240066B9FD /* PBXTargetDependency */,
			);
			name = TicTacTests;
			productName = TicTacTests;
			productReference = C3F6EAF1286951240066B9FD /* TicTacTests.xctest */;
			productType = "com.apple.product-type.bundle.unit-test";
		};
/* End PBXNativeTarget section */

/* Begin PBXProject section */
		C34063F2285807BD007B46D3 /* Project object */ = {
			isa = PBXProject;
			attributes = {
				LastSwiftUpdateCheck = 1240;
				LastUpgradeCheck = 1240;
				TargetAttributes = {
					C34063F9285807BD007B46D3 = {
						CreatedOnToolsVersion = 12.4;
						LastSwiftMigration = 1240;
					};
					C3F6EAF0286951240066B9FD = {
						CreatedOnToolsVersion = 12.4;
						TestTargetID = C34063F9285807BD007B46D3;
					};
				};
			};
			buildConfigurationList = C34063F5285807BD007B46D3 /* Build configuration list for PBXProject "Tic Tac" */;
			compatibilityVersion = "Xcode 9.3";
			developmentRegion = en;
			hasScannedForEncodings = 0;
			knownRegions = (
				en,
				Base,
			);
			mainGroup = C34063F1285807BD007B46D3;
			packageReferences = (
				C3A7DF872864B91A00CB529F /* XCRemoteSwiftPackageReference "TBAlertController" */,
				C3A7DFA52864F00F00CB529F /* XCRemoteSwiftPackageReference "SnapKit" */,
				C3F6EAE928681D800066B9FD /* XCRemoteSwiftPackageReference "Reflex" */,
				C3CDAD0928C41CA000A93BD6 /* XCRemoteSwiftPackageReference "GRDB.swift" */,
				C3CDAD3028C7E43F00A93BD6 /* XCRemoteSwiftPackageReference "Echo" */,
			);
			productRefGroup = C34063FB285807BD007B46D3 /* Products */;
			projectDirPath = "";
			projectRoot = "";
			targets = (
				C34063F9285807BD007B46D3 /* Tic Tac */,
				C3F6EAF0286951240066B9FD /* TicTacTests */,
			);
		};
/* End PBXProject section */

/* Begin PBXResourcesBuildPhase section */
		C34063F8285807BD007B46D3 /* Resources */ = {
			isa = PBXResourcesBuildPhase;
			buildActionMask = 2147483647;
			files = (
				C3406400285807BD007B46D3 /* Assets.xcassets in Resources */,
				C3406403285807BD007B46D3 /* LaunchScreen.storyboard in Resources */,
				C3F6EB43286A69FF0066B9FD /* GoogleService-Info.plist in Resources */,
			);
			runOnlyForDeploymentPostprocessing = 0;
		};
		C3F6EAEF286951240066B9FD /* Resources */ = {
			isa = PBXResourcesBuildPhase;
			buildActionMask = 2147483647;
			files = (
			);
			runOnlyForDeploymentPostprocessing = 0;
		};
/* End PBXResourcesBuildPhase section */

/* Begin PBXShellScriptBuildPhase section */
		21132A3B5AAC08E46B83766E /* [CP] Check Pods Manifest.lock */ = {
			isa = PBXShellScriptBuildPhase;
			buildActionMask = 2147483647;
			files = (
			);
			inputFileListPaths = (
			);
			inputPaths = (
				"${PODS_PODFILE_DIR_PATH}/Podfile.lock",
				"${PODS_ROOT}/Manifest.lock",
			);
			name = "[CP] Check Pods Manifest.lock";
			outputFileListPaths = (
			);
			outputPaths = (
				"$(DERIVED_FILE_DIR)/Pods-TicTacTests-checkManifestLockResult.txt",
			);
			runOnlyForDeploymentPostprocessing = 0;
			shellPath = /bin/sh;
			shellScript = "diff \"${PODS_PODFILE_DIR_PATH}/Podfile.lock\" \"${PODS_ROOT}/Manifest.lock\" > /dev/null\nif [ $? != 0 ] ; then\n    # print error to STDERR\n    echo \"error: The sandbox is not in sync with the Podfile.lock. Run 'pod install' or update your CocoaPods installation.\" >&2\n    exit 1\nfi\n# This output is used by Xcode 'outputs' to avoid re-running this script phase.\necho \"SUCCESS\" > \"${SCRIPT_OUTPUT_FILE_0}\"\n";
			showEnvVarsInLog = 0;
		};
		535DAF5E167FDBE4F41B3361 /* [CP] Embed Pods Frameworks */ = {
			isa = PBXShellScriptBuildPhase;
			buildActionMask = 2147483647;
			files = (
			);
			inputFileListPaths = (
				"${PODS_ROOT}/Target Support Files/Pods-TicTacTests/Pods-TicTacTests-frameworks-${CONFIGURATION}-input-files.xcfilelist",
			);
			name = "[CP] Embed Pods Frameworks";
			outputFileListPaths = (
				"${PODS_ROOT}/Target Support Files/Pods-TicTacTests/Pods-TicTacTests-frameworks-${CONFIGURATION}-output-files.xcfilelist",
			);
			runOnlyForDeploymentPostprocessing = 0;
			shellPath = /bin/sh;
			shellScript = "\"${PODS_ROOT}/Target Support Files/Pods-TicTacTests/Pods-TicTacTests-frameworks.sh\"\n";
			showEnvVarsInLog = 0;
		};
		69CDDAFA471AECB5AC9C5FBA /* [CP] Check Pods Manifest.lock */ = {
			isa = PBXShellScriptBuildPhase;
			buildActionMask = 2147483647;
			files = (
			);
			inputFileListPaths = (
			);
			inputPaths = (
				"${PODS_PODFILE_DIR_PATH}/Podfile.lock",
				"${PODS_ROOT}/Manifest.lock",
			);
			name = "[CP] Check Pods Manifest.lock";
			outputFileListPaths = (
			);
			outputPaths = (
				"$(DERIVED_FILE_DIR)/Pods-Tic Tac-checkManifestLockResult.txt",
			);
			runOnlyForDeploymentPostprocessing = 0;
			shellPath = /bin/sh;
			shellScript = "diff \"${PODS_PODFILE_DIR_PATH}/Podfile.lock\" \"${PODS_ROOT}/Manifest.lock\" > /dev/null\nif [ $? != 0 ] ; then\n    # print error to STDERR\n    echo \"error: The sandbox is not in sync with the Podfile.lock. Run 'pod install' or update your CocoaPods installation.\" >&2\n    exit 1\nfi\n# This output is used by Xcode 'outputs' to avoid re-running this script phase.\necho \"SUCCESS\" > \"${SCRIPT_OUTPUT_FILE_0}\"\n";
			showEnvVarsInLog = 0;
		};
		B66CCBC24E44F0E7D8D8981B /* [CP] Embed Pods Frameworks */ = {
			isa = PBXShellScriptBuildPhase;
			buildActionMask = 2147483647;
			files = (
			);
			inputFileListPaths = (
				"${PODS_ROOT}/Target Support Files/Pods-Tic Tac/Pods-Tic Tac-frameworks-${CONFIGURATION}-input-files.xcfilelist",
			);
			name = "[CP] Embed Pods Frameworks";
			outputFileListPaths = (
				"${PODS_ROOT}/Target Support Files/Pods-Tic Tac/Pods-Tic Tac-frameworks-${CONFIGURATION}-output-files.xcfilelist",
			);
			runOnlyForDeploymentPostprocessing = 0;
			shellPath = /bin/sh;
			shellScript = "\"${PODS_ROOT}/Target Support Files/Pods-Tic Tac/Pods-Tic Tac-frameworks.sh\"\n";
			showEnvVarsInLog = 0;
		};
/* End PBXShellScriptBuildPhase section */

/* Begin PBXSourcesBuildPhase section */
		C34063F6285807BD007B46D3 /* Sources */ = {
			isa = PBXSourcesBuildPhase;
			buildActionMask = 2147483647;
			files = (
				C3F6EB1D286967FC0066B9FD /* AutoLayout.swift in Sources */,
				C3CDAD2D28C4325F00A93BD6 /* UserTagController.swift in Sources */,
				C3F6EB232869840D0066B9FD /* YakCell.swift in Sources */,
				C3A7DFAB2864F06F00CB529F /* YakKit+Swift.swift in Sources */,
				C3A7DFAE2864F1DE00CB529F /* TabBarController.swift in Sources */,
				C347664528AE053300235EC5 /* MyDataViewController.swift in Sources */,
				C340643328587814007B46D3 /* Foundation+Extensions.swift in Sources */,
				C340642A28580FF9007B46D3 /* SingleRowSection.swift in Sources */,
				C304156928666B8B00BC858C /* BaseCell.swift in Sources */,
				C3A7DF852864B6E900CB529F /* CommentsDataSource.swift in Sources */,
				C3A7DFB52864F75900CB529F /* Promise.swift in Sources */,
				C347664A28B4B4E700235EC5 /* UserTags.swift in Sources */,
				C340642128580B69007B46D3 /* TTTableViewController.swift in Sources */,
				C340642028580B69007B46D3 /* FilteringTableViewController.swift in Sources */,
				C340642B28580FF9007B46D3 /* TableViewSection.swift in Sources */,
				C3E050C0286664BE00DC26F0 /* LoginController.swift in Sources */,
				C34063FE285807BD007B46D3 /* AppDelegate.swift in Sources */,
				C340642528580F5F007B46D3 /* CarouselCell.swift in Sources */,
				C3CDAD1D28C4220D00A93BD6 /* YakKit+GRDB.swift in Sources */,
				C3F43C8B286A9A3B001F6D64 /* Hooks.m in Sources */,
				C340642628580F5F007B46D3 /* ScopeCarousel.swift in Sources */,
				C3CDAD0F28C41CD300A93BD6 /* Container.swift in Sources */,
				C3CDAD1628C41D5600A93BD6 /* Entity.swift in Sources */,
				C3D6060C28C7F4780076DCF9 /* FLEX-Plugins.m in Sources */,
				C365C51728A61E3E001E329A /* ProfilesViewController.swift in Sources */,
				C351060828BDE305007B0F22 /* SpinnerFooterView.swift in Sources */,
				C3406412285808C2007B46D3 /* HerdViewController.swift in Sources */,
				C3CDAD1528C41D5600A93BD6 /* Decorators.swift in Sources */,
				C340642F285863C0007B46D3 /* UIKit+Extensions.swift in Sources */,
				C3F6EB3C28699CB20066B9FD /* VotableDataSource.swift in Sources */,
				C304156D28666D9900BC858C /* UserEmojiView.swift in Sources */,
				C365C52428A6F253001E329A /* UserAccountStore.swift in Sources */,
				C3406416285808CF007B46D3 /* CommentsViewController.swift in Sources */,
				C3F6EB19286967CA0066B9FD /* CommentsHeaderView.swift in Sources */,
				C3CD695B28AD6BF20080EDCA /* ComposeViewController.swift in Sources */,
				C3F6EB2B286984300066B9FD /* NotificationCell.swift in Sources */,
				C300803928A4471B00106BAB /* ConfigurableCell.swift in Sources */,
				C3A75B2428AA0562007CD052 /* MapViewController.swift in Sources */,
				C3CDAD2728C4291000A93BD6 /* Container+Boilerplate.swift in Sources */,
				C3A7DFB22864F49500CB529F /* YYClient+AuthManagement.swift in Sources */,
				C3C0218E28C180AA00B4EA03 /* Context.swift in Sources */,
				C384AC6328BDA98B00401E0F /* PreviewData.swift in Sources */,
				C3A7DF8228639E4800CB529F /* FeedDataSource.swift in Sources */,
				C3CD696128AD94090080EDCA /* Previews.swift in Sources */,
				C3A7DFBC2864FF7900CB529F /* LocationManager.swift in Sources */,
				C3D6570628BF3180006B9530 /* NSNull+nil.m in Sources */,
				C3CDAD2128C4233A00A93BD6 /* Decoder+Extensions.swift in Sources */,
				C300803528A445AC00106BAB /* NotifDataSource.swift in Sources */,
				C3CDAD1728C41D5600A93BD6 /* Schemas.swift in Sources */,
				C340644B2863973B007B46D3 /* VoteControl.m in Sources */,
				C30415712866838600BC858C /* Strings.swift in Sources */,
				C30417EE286683BE00BC858C /* DateFormatter+Formats.swift in Sources */,
				C3F6EB27286984240066B9FD /* CommentCell.swift in Sources */,
				C300803128A4451300106BAB /* NotificationsViewController.swift in Sources */,
			);
			runOnlyForDeploymentPostprocessing = 0;
		};
		C3F6EAED286951240066B9FD /* Sources */ = {
			isa = PBXSourcesBuildPhase;
			buildActionMask = 2147483647;
			files = (
				C3F6EAF4286951240066B9FD /* TicTacTests.swift in Sources */,
			);
			runOnlyForDeploymentPostprocessing = 0;
		};
/* End PBXSourcesBuildPhase section */

/* Begin PBXTargetDependency section */
		C3F6EAF7286951240066B9FD /* PBXTargetDependency */ = {
			isa = PBXTargetDependency;
			target = C34063F9285807BD007B46D3 /* Tic Tac */;
			targetProxy = C3F6EAF6286951240066B9FD /* PBXContainerItemProxy */;
		};
/* End PBXTargetDependency section */

/* Begin PBXVariantGroup section */
		C3406401285807BD007B46D3 /* LaunchScreen.storyboard */ = {
			isa = PBXVariantGroup;
			children = (
				C3406402285807BD007B46D3 /* Base */,
			);
			name = LaunchScreen.storyboard;
			sourceTree = "<group>";
		};
/* End PBXVariantGroup section */

/* Begin XCBuildConfiguration section */
		C3406405285807BD007B46D3 /* Debug */ = {
			isa = XCBuildConfiguration;
			buildSettings = {
				ALWAYS_SEARCH_USER_PATHS = NO;
				CLANG_ANALYZER_NONNULL = YES;
				CLANG_ANALYZER_NUMBER_OBJECT_CONVERSION = YES_AGGRESSIVE;
				CLANG_CXX_LANGUAGE_STANDARD = "gnu++14";
				CLANG_CXX_LIBRARY = "libc++";
				CLANG_ENABLE_MODULES = YES;
				CLANG_ENABLE_OBJC_ARC = YES;
				CLANG_ENABLE_OBJC_WEAK = YES;
				CLANG_WARN_BLOCK_CAPTURE_AUTORELEASING = YES;
				CLANG_WARN_BOOL_CONVERSION = YES;
				CLANG_WARN_COMMA = YES;
				CLANG_WARN_CONSTANT_CONVERSION = YES;
				CLANG_WARN_DEPRECATED_OBJC_IMPLEMENTATIONS = YES;
				CLANG_WARN_DIRECT_OBJC_ISA_USAGE = YES_ERROR;
				CLANG_WARN_DOCUMENTATION_COMMENTS = YES;
				CLANG_WARN_EMPTY_BODY = YES;
				CLANG_WARN_ENUM_CONVERSION = YES;
				CLANG_WARN_INFINITE_RECURSION = YES;
				CLANG_WARN_INT_CONVERSION = YES;
				CLANG_WARN_NON_LITERAL_NULL_CONVERSION = YES;
				CLANG_WARN_OBJC_IMPLICIT_RETAIN_SELF = YES;
				CLANG_WARN_OBJC_LITERAL_CONVERSION = YES;
				CLANG_WARN_OBJC_ROOT_CLASS = YES_ERROR;
				CLANG_WARN_QUOTED_INCLUDE_IN_FRAMEWORK_HEADER = YES;
				CLANG_WARN_RANGE_LOOP_ANALYSIS = YES;
				CLANG_WARN_STRICT_PROTOTYPES = NO;
				CLANG_WARN_SUSPICIOUS_MOVE = YES;
				CLANG_WARN_UNGUARDED_AVAILABILITY = YES_AGGRESSIVE;
				CLANG_WARN_UNREACHABLE_CODE = YES;
				CLANG_WARN__DUPLICATE_METHOD_MATCH = YES;
				COPY_PHASE_STRIP = NO;
				DEBUG_INFORMATION_FORMAT = dwarf;
				ENABLE_STRICT_OBJC_MSGSEND = YES;
				ENABLE_TESTABILITY = YES;
				GCC_C_LANGUAGE_STANDARD = gnu11;
				GCC_DYNAMIC_NO_PIC = NO;
				GCC_NO_COMMON_BLOCKS = YES;
				GCC_OPTIMIZATION_LEVEL = 0;
				GCC_PREPROCESSOR_DEFINITIONS = (
					"DEBUG=1",
					"$(inherited)",
				);
				GCC_WARN_64_TO_32_BIT_CONVERSION = YES;
				GCC_WARN_ABOUT_RETURN_TYPE = YES_ERROR;
				GCC_WARN_UNDECLARED_SELECTOR = YES;
				GCC_WARN_UNINITIALIZED_AUTOS = YES_AGGRESSIVE;
				GCC_WARN_UNUSED_FUNCTION = YES;
				GCC_WARN_UNUSED_VARIABLE = YES;
				IPHONEOS_DEPLOYMENT_TARGET = 14.4;
				MTL_ENABLE_DEBUG_INFO = INCLUDE_SOURCE;
				MTL_FAST_MATH = YES;
				ONLY_ACTIVE_ARCH = YES;
				SDKROOT = iphoneos;
				SWIFT_ACTIVE_COMPILATION_CONDITIONS = DEBUG;
				SWIFT_OPTIMIZATION_LEVEL = "-Onone";
			};
			name = Debug;
		};
		C3406406285807BD007B46D3 /* Release */ = {
			isa = XCBuildConfiguration;
			buildSettings = {
				ALWAYS_SEARCH_USER_PATHS = NO;
				CLANG_ANALYZER_NONNULL = YES;
				CLANG_ANALYZER_NUMBER_OBJECT_CONVERSION = YES_AGGRESSIVE;
				CLANG_CXX_LANGUAGE_STANDARD = "gnu++14";
				CLANG_CXX_LIBRARY = "libc++";
				CLANG_ENABLE_MODULES = YES;
				CLANG_ENABLE_OBJC_ARC = YES;
				CLANG_ENABLE_OBJC_WEAK = YES;
				CLANG_WARN_BLOCK_CAPTURE_AUTORELEASING = YES;
				CLANG_WARN_BOOL_CONVERSION = YES;
				CLANG_WARN_COMMA = YES;
				CLANG_WARN_CONSTANT_CONVERSION = YES;
				CLANG_WARN_DEPRECATED_OBJC_IMPLEMENTATIONS = YES;
				CLANG_WARN_DIRECT_OBJC_ISA_USAGE = YES_ERROR;
				CLANG_WARN_DOCUMENTATION_COMMENTS = YES;
				CLANG_WARN_EMPTY_BODY = YES;
				CLANG_WARN_ENUM_CONVERSION = YES;
				CLANG_WARN_INFINITE_RECURSION = YES;
				CLANG_WARN_INT_CONVERSION = YES;
				CLANG_WARN_NON_LITERAL_NULL_CONVERSION = YES;
				CLANG_WARN_OBJC_IMPLICIT_RETAIN_SELF = YES;
				CLANG_WARN_OBJC_LITERAL_CONVERSION = YES;
				CLANG_WARN_OBJC_ROOT_CLASS = YES_ERROR;
				CLANG_WARN_QUOTED_INCLUDE_IN_FRAMEWORK_HEADER = YES;
				CLANG_WARN_RANGE_LOOP_ANALYSIS = YES;
				CLANG_WARN_STRICT_PROTOTYPES = NO;
				CLANG_WARN_SUSPICIOUS_MOVE = YES;
				CLANG_WARN_UNGUARDED_AVAILABILITY = YES_AGGRESSIVE;
				CLANG_WARN_UNREACHABLE_CODE = YES;
				CLANG_WARN__DUPLICATE_METHOD_MATCH = YES;
				COPY_PHASE_STRIP = NO;
				DEBUG_INFORMATION_FORMAT = "dwarf-with-dsym";
				ENABLE_NS_ASSERTIONS = NO;
				ENABLE_STRICT_OBJC_MSGSEND = YES;
				GCC_C_LANGUAGE_STANDARD = gnu11;
				GCC_NO_COMMON_BLOCKS = YES;
				GCC_WARN_64_TO_32_BIT_CONVERSION = YES;
				GCC_WARN_ABOUT_RETURN_TYPE = YES_ERROR;
				GCC_WARN_UNDECLARED_SELECTOR = YES;
				GCC_WARN_UNINITIALIZED_AUTOS = YES_AGGRESSIVE;
				GCC_WARN_UNUSED_FUNCTION = YES;
				GCC_WARN_UNUSED_VARIABLE = YES;
				IPHONEOS_DEPLOYMENT_TARGET = 14.4;
				MTL_ENABLE_DEBUG_INFO = NO;
				MTL_FAST_MATH = YES;
				SDKROOT = iphoneos;
				SWIFT_COMPILATION_MODE = wholemodule;
				SWIFT_OPTIMIZATION_LEVEL = "-O";
				VALIDATE_PRODUCT = YES;
			};
			name = Release;
		};
		C3406408285807BD007B46D3 /* Debug */ = {
			isa = XCBuildConfiguration;
			baseConfigurationReference = C99871A136D245B02CF1ED02 /* Pods-Tic Tac.debug.xcconfig */;
			buildSettings = {
				ASSETCATALOG_COMPILER_APPICON_NAME = AppIcon;
				ASSETCATALOG_COMPILER_GLOBAL_ACCENT_COLOR_NAME = AccentColor;
				CLANG_ENABLE_MODULES = YES;
				CODE_SIGN_ENTITLEMENTS = "Tic Tac/Tic Tac.entitlements";
				CODE_SIGN_STYLE = Automatic;
				DEVELOPMENT_TEAM = S6N2F22V2Z;
				INFOPLIST_FILE = "Tic Tac/Info.plist";
				IPHONEOS_DEPLOYMENT_TARGET = 14.1;
				LD_RUNPATH_SEARCH_PATHS = (
					"$(inherited)",
					"@executable_path/Frameworks",
				);
				PRODUCT_BUNDLE_IDENTIFIER = com.nscake.tictac;
				PRODUCT_NAME = "$(TARGET_NAME)";
				SWIFT_OBJC_BRIDGING_HEADER = "Tic Tac/Bridging-Header.h";
				SWIFT_OPTIMIZATION_LEVEL = "-Onone";
				SWIFT_VERSION = 5.0;
				TARGETED_DEVICE_FAMILY = 1;
			};
			name = Debug;
		};
		C3406409285807BD007B46D3 /* Release */ = {
			isa = XCBuildConfiguration;
			baseConfigurationReference = 924D18F1AD2F6A1623979697 /* Pods-Tic Tac.release.xcconfig */;
			buildSettings = {
				ASSETCATALOG_COMPILER_APPICON_NAME = AppIcon;
				ASSETCATALOG_COMPILER_GLOBAL_ACCENT_COLOR_NAME = AccentColor;
				CLANG_ENABLE_MODULES = YES;
				CODE_SIGN_ENTITLEMENTS = "Tic Tac/Tic Tac.entitlements";
				CODE_SIGN_STYLE = Automatic;
				DEVELOPMENT_TEAM = S6N2F22V2Z;
				INFOPLIST_FILE = "Tic Tac/Info.plist";
				IPHONEOS_DEPLOYMENT_TARGET = 14.1;
				LD_RUNPATH_SEARCH_PATHS = (
					"$(inherited)",
					"@executable_path/Frameworks",
				);
				PRODUCT_BUNDLE_IDENTIFIER = com.nscake.tictac;
				PRODUCT_NAME = "$(TARGET_NAME)";
				SWIFT_OBJC_BRIDGING_HEADER = "Tic Tac/Bridging-Header.h";
				SWIFT_VERSION = 5.0;
				TARGETED_DEVICE_FAMILY = 1;
			};
			name = Release;
		};
		C3F6EAF9286951240066B9FD /* Debug */ = {
			isa = XCBuildConfiguration;
			baseConfigurationReference = DC3FDB2D71C2794E1C2FE0B2 /* Pods-TicTacTests.debug.xcconfig */;
			buildSettings = {
				BUNDLE_LOADER = "$(TEST_HOST)";
				CODE_SIGN_STYLE = Automatic;
				DEVELOPMENT_TEAM = S6N2F22V2Z;
				INFOPLIST_FILE = TicTacTests/Info.plist;
				IPHONEOS_DEPLOYMENT_TARGET = 14.1;
				LD_RUNPATH_SEARCH_PATHS = (
					"$(inherited)",
					"@executable_path/Frameworks",
					"@loader_path/Frameworks",
				);
				PRODUCT_BUNDLE_IDENTIFIER = com.nscake.TicTacTests;
				PRODUCT_NAME = "$(TARGET_NAME)";
				SWIFT_OBJC_BRIDGING_HEADER = "Tic Tac/Bridging-Header.h";
				SWIFT_VERSION = 5.0;
				TARGETED_DEVICE_FAMILY = "1,2";
				TEST_HOST = "$(BUILT_PRODUCTS_DIR)/Tic Tac.app/Tic Tac";
			};
			name = Debug;
		};
		C3F6EAFA286951240066B9FD /* Release */ = {
			isa = XCBuildConfiguration;
			baseConfigurationReference = 9E7E4A9713E499577AA2C515 /* Pods-TicTacTests.release.xcconfig */;
			buildSettings = {
				BUNDLE_LOADER = "$(TEST_HOST)";
				CODE_SIGN_STYLE = Automatic;
				DEVELOPMENT_TEAM = S6N2F22V2Z;
				INFOPLIST_FILE = TicTacTests/Info.plist;
				IPHONEOS_DEPLOYMENT_TARGET = 14.1;
				LD_RUNPATH_SEARCH_PATHS = (
					"$(inherited)",
					"@executable_path/Frameworks",
					"@loader_path/Frameworks",
				);
				PRODUCT_BUNDLE_IDENTIFIER = com.nscake.TicTacTests;
				PRODUCT_NAME = "$(TARGET_NAME)";
				SWIFT_OBJC_BRIDGING_HEADER = "Tic Tac/Bridging-Header.h";
				SWIFT_VERSION = 5.0;
				TARGETED_DEVICE_FAMILY = "1,2";
				TEST_HOST = "$(BUILT_PRODUCTS_DIR)/Tic Tac.app/Tic Tac";
			};
			name = Release;
		};
/* End XCBuildConfiguration section */

/* Begin XCConfigurationList section */
		C34063F5285807BD007B46D3 /* Build configuration list for PBXProject "Tic Tac" */ = {
			isa = XCConfigurationList;
			buildConfigurations = (
				C3406405285807BD007B46D3 /* Debug */,
				C3406406285807BD007B46D3 /* Release */,
			);
			defaultConfigurationIsVisible = 0;
			defaultConfigurationName = Release;
		};
		C3406407285807BD007B46D3 /* Build configuration list for PBXNativeTarget "Tic Tac" */ = {
			isa = XCConfigurationList;
			buildConfigurations = (
				C3406408285807BD007B46D3 /* Debug */,
				C3406409285807BD007B46D3 /* Release */,
			);
			defaultConfigurationIsVisible = 0;
			defaultConfigurationName = Release;
		};
		C3F6EAF8286951240066B9FD /* Build configuration list for PBXNativeTarget "TicTacTests" */ = {
			isa = XCConfigurationList;
			buildConfigurations = (
				C3F6EAF9286951240066B9FD /* Debug */,
				C3F6EAFA286951240066B9FD /* Release */,
			);
			defaultConfigurationIsVisible = 0;
			defaultConfigurationName = Release;
		};
/* End XCConfigurationList section */

/* Begin XCRemoteSwiftPackageReference section */
		C3A7DF872864B91A00CB529F /* XCRemoteSwiftPackageReference "TBAlertController" */ = {
			isa = XCRemoteSwiftPackageReference;
			repositoryURL = "https://github.com/NSExceptional/TBAlertController.git";
			requirement = {
				branch = swift;
				kind = branch;
			};
		};
		C3A7DFA52864F00F00CB529F /* XCRemoteSwiftPackageReference "SnapKit" */ = {
			isa = XCRemoteSwiftPackageReference;
			repositoryURL = "https://github.com/SnapKit/SnapKit";
			requirement = {
				kind = upToNextMajorVersion;
				minimumVersion = 5.6.0;
			};
		};
		C3CDAD0928C41CA000A93BD6 /* XCRemoteSwiftPackageReference "GRDB.swift" */ = {
			isa = XCRemoteSwiftPackageReference;
			repositoryURL = "https://github.com/NSExceptional/GRDB.swift.git";
			requirement = {
				branch = master;
				kind = branch;
			};
		};
		C3CDAD3028C7E43F00A93BD6 /* XCRemoteSwiftPackageReference "Echo" */ = {
			isa = XCRemoteSwiftPackageReference;
			repositoryURL = "https://github.com/NSExceptional/Echo.git";
			requirement = {
				branch = main;
				kind = branch;
			};
		};
		C3F6EAE928681D800066B9FD /* XCRemoteSwiftPackageReference "Reflex" */ = {
			isa = XCRemoteSwiftPackageReference;
			repositoryURL = "https://github.com/FLEXTool/Reflex";
			requirement = {
				branch = "crash-fix";
				kind = branch;
			};
		};
/* End XCRemoteSwiftPackageReference section */

/* Begin XCSwiftPackageProductDependency section */
		C3A7DF882864B91A00CB529F /* TBAlertController */ = {
			isa = XCSwiftPackageProductDependency;
			package = C3A7DF872864B91A00CB529F /* XCRemoteSwiftPackageReference "TBAlertController" */;
			productName = TBAlertController;
		};
		C3A7DFA62864F00F00CB529F /* SnapKit */ = {
			isa = XCSwiftPackageProductDependency;
			package = C3A7DFA52864F00F00CB529F /* XCRemoteSwiftPackageReference "SnapKit" */;
			productName = SnapKit;
		};
		C3CDAD0A28C41CA000A93BD6 /* GRDB */ = {
			isa = XCSwiftPackageProductDependency;
			package = C3CDAD0928C41CA000A93BD6 /* XCRemoteSwiftPackageReference "GRDB.swift" */;
			productName = GRDB;
		};
		C3CDAD3128C7E43F00A93BD6 /* Echo */ = {
			isa = XCSwiftPackageProductDependency;
			package = C3CDAD3028C7E43F00A93BD6 /* XCRemoteSwiftPackageReference "Echo" */;
			productName = Echo;
		};
		C3F6EAEA28681D800066B9FD /* Reflex */ = {
			isa = XCSwiftPackageProductDependency;
			package = C3F6EAE928681D800066B9FD /* XCRemoteSwiftPackageReference "Reflex" */;
			productName = Reflex;
		};
/* End XCSwiftPackageProductDependency section */
	};
	rootObject = C34063F2285807BD007B46D3 /* Project object */;
}
